
Microsoft Visual Studio Solution File, Format Version 12.00
# Visual Studio Version 16
VisualStudioVersion = 16.0.29201.188
MinimumVisualStudioVersion = 10.0.40219.1
Project("{9A19103F-16F7-4668-BE54-9A1E7A4F7556}") = "LTFGameLauncher", "LTFGameLauncher.csproj", "{AD43E1FE-F32B-4292-A91A-0B94D25FEE34}"
EndProject
Global
	GlobalSection(SolutionConfigurationPlatforms) = preSolution
		Debug|Any CPU = Debug|Any CPU
		Release|Any CPU = Release|Any CPU
	EndGlobalSection
	GlobalSection(ProjectConfigurationPlatforms) = postSolution
		{AD43E1FE-F32B-4292-A91A-0B94D25FEE34}.Debug|Any CPU.ActiveCfg = Debug|Any CPU
		{AD43E1FE-F32B-4292-A91A-0B94D25FEE34}.Debug|Any CPU.Build.0 = Debug|Any CPU
		{AD43E1FE-F32B-4292-A91A-0B94D25FEE34}.Release|Any CPU.ActiveCfg = Release|Any CPU
		{AD43E1FE-F32B-4292-A91A-0B94D25FEE34}.Release|Any CPU.Build.0 = Release|Any CPU
	EndGlobalSection
	GlobalSection(SolutionProperties) = preSolution
		HideSolutionNode = FALSE
	EndGlobalSection
	GlobalSection(ExtensibilityGlobals) = postSolution
		SolutionGuid = {EB04E227-588C-49DB-A970-4F5B370A04C3}
	EndGlobalSection
EndGlobal
